
Microsoft Visual Studio Solution File, Format Version 12.00
# Visual Studio Version 17
VisualStudioVersion = 17.7.34221.43
MinimumVisualStudioVersion = 10.0.40219.1
Project("{9A19103F-16F7-4668-BE54-9A1E7A4F7556}") = "QLDaily", "QLDaily\QLDaily.csproj", "{C998750F-C610-4E01-A039-3ADB41A4CB78}"
EndProject
Project("{2150E333-8FDC-42A3-9474-1A3956D46DE8}") = "Solution Items", "Solution Items", "{F8979398-BF10-44B0-B99E-F22830303036}"
	ProjectSection(SolutionItems) = preProject
		.editorconfig = .editorconfig
	EndProjectSection
EndProject
Project("{54435603-DBB4-11D2-8724-00A0C9A8B90C}") = "SetupQLBH", "SetupQLBH\SetupQLBH.vdproj", "{DCFB22C4-1156-441F-925E-0B5E84B45CEE}"
EndProject
Global
	GlobalSection(SolutionConfigurationPlatforms) = preSolution
		Debug|Any CPU = Debug|Any CPU
		Release|Any CPU = Release|Any CPU
	EndGlobalSection
	GlobalSection(ProjectConfigurationPlatforms) = postSolution
		{C998750F-C610-4E01-A039-3ADB41A4CB78}.Debug|Any CPU.ActiveCfg = Debug|Any CPU
		{C998750F-C610-4E01-A039-3ADB41A4CB78}.Debug|Any CPU.Build.0 = Debug|Any CPU
		{C998750F-C610-4E01-A039-3ADB41A4CB78}.Release|Any CPU.ActiveCfg = Release|Any CPU
		{C998750F-C610-4E01-A039-3ADB41A4CB78}.Release|Any CPU.Build.0 = Release|Any CPU
		{DCFB22C4-1156-441F-925E-0B5E84B45CEE}.Debug|Any CPU.ActiveCfg = Debug
		{DCFB22C4-1156-441F-925E-0B5E84B45CEE}.Release|Any CPU.ActiveCfg = Release
	EndGlobalSection
	GlobalSection(SolutionProperties) = preSolution
		HideSolutionNode = FALSE
	EndGlobalSection
	GlobalSection(ExtensibilityGlobals) = postSolution
		SolutionGuid = {010DC42E-2ED0-4EFC-B3F2-66E1A68B6DB3}
	EndGlobalSection
EndGlobal
